
Microsoft Visual Studio Solution File, Format Version 12.00
# Visual Studio Version 17
VisualStudioVersion = 17.11.35312.102
MinimumVisualStudioVersion = 10.0.40219.1
Project("{FAE04EC0-301F-11D3-BF4B-00C04F79EFBC}") = "Day 5 assignment", "Day 5 assignment.csproj", "{40BBEF88-35BF-4735-B788-1315329CCBCB}"
EndProject
Global
	GlobalSection(SolutionConfigurationPlatforms) = preSolution
		Debug|Any CPU = Debug|Any CPU
		Release|Any CPU = Release|Any CPU
	EndGlobalSection
	GlobalSection(ProjectConfigurationPlatforms) = postSolution
		{40BBEF88-35BF-4735-B788-1315329CCBCB}.Debug|Any CPU.ActiveCfg = Debug|Any CPU
		{40BBEF88-35BF-4735-B788-1315329CCBCB}.Debug|Any CPU.Build.0 = Debug|Any CPU
		{40BBEF88-35BF-4735-B788-1315329CCBCB}.Release|Any CPU.ActiveCfg = Release|Any CPU
		{40BBEF88-35BF-4735-B788-1315329CCBCB}.Release|Any CPU.Build.0 = Release|Any CPU
	EndGlobalSection
	GlobalSection(SolutionProperties) = preSolution
		HideSolutionNode = FALSE
	EndGlobalSection
	GlobalSection(ExtensibilityGlobals) = postSolution
		SolutionGuid = {13854BE8-AA0D-4ABD-9C1D-C34FC3E0F0EB}
	EndGlobalSection
EndGlobal
